// !$*UTF8*$!
{
	archiveVersion = 1;
	classes = {
	};
	objectVersion = 46;
	objects = {

/* Begin PBXBuildFile section */
		392097DF158662C500185580 /* Foundation.framework in Frameworks */ = {isa = PBXBuildFile; fileRef = 392097DE158662C500185580 /* Foundation.framework */; };
		392097E1158662C500185580 /* UIKit.framework in Frameworks */ = {isa = PBXBuildFile; fileRef = 392097E0158662C500185580 /* UIKit.framework */; };
		392097E3158662C500185580 /* CoreGraphics.framework in Frameworks */ = {isa = PBXBuildFile; fileRef = 392097E2158662C500185580 /* CoreGraphics.framework */; };
		392097E5158662C500185580 /* AddressBook.framework in Frameworks */ = {isa = PBXBuildFile; fileRef = 392097E4158662C500185580 /* AddressBook.framework */; };
		392097E7158662C500185580 /* AddressBookUI.framework in Frameworks */ = {isa = PBXBuildFile; fileRef = 392097E6158662C500185580 /* AddressBookUI.framework */; };
		392097E9158662C500185580 /* AudioToolbox.framework in Frameworks */ = {isa = PBXBuildFile; fileRef = 392097E8158662C500185580 /* AudioToolbox.framework */; };
		392097EB158662C500185580 /* AVFoundation.framework in Frameworks */ = {isa = PBXBuildFile; fileRef = 392097EA158662C500185580 /* AVFoundation.framework */; };
		392097ED158662C500185580 /* CoreLocation.framework in Frameworks */ = {isa = PBXBuildFile; fileRef = 392097EC158662C500185580 /* CoreLocation.framework */; };
		392097EF158662C500185580 /* MediaPlayer.framework in Frameworks */ = {isa = PBXBuildFile; fileRef = 392097EE158662C500185580 /* MediaPlayer.framework */; };
		392097F1158662C500185580 /* QuartzCore.framework in Frameworks */ = {isa = PBXBuildFile; fileRef = 392097F0158662C500185580 /* QuartzCore.framework */; };
		392097F3158662C500185580 /* SystemConfiguration.framework in Frameworks */ = {isa = PBXBuildFile; fileRef = 392097F2158662C500185580 /* SystemConfiguration.framework */; };
		392097F5158662C500185580 /* MobileCoreServices.framework in Frameworks */ = {isa = PBXBuildFile; fileRef = 392097F4158662C500185580 /* MobileCoreServices.framework */; };
		392097F7158662C500185580 /* CoreMedia.framework in Frameworks */ = {isa = PBXBuildFile; fileRef = 392097F6158662C500185580 /* CoreMedia.framework */; };
		392097FD158662C500185580 /* InfoPlist.strings in Resources */ = {isa = PBXBuildFile; fileRef = 392097FB158662C500185580 /* InfoPlist.strings */; };
		392097FF158662C500185580 /* main.m in Sources */ = {isa = PBXBuildFile; fileRef = 392097FE158662C500185580 /* main.m */; };
		39209802158662C500185580 /* Cordova.framework in Frameworks */ = {isa = PBXBuildFile; fileRef = 39209801158662C500185580 /* Cordova.framework */; };
		39209807158662C500185580 /* Localizable.strings in Resources */ = {isa = PBXBuildFile; fileRef = 39209805158662C500185580 /* Localizable.strings */; };
		3920980B158662C500185580 /* Localizable.strings in Resources */ = {isa = PBXBuildFile; fileRef = 39209809158662C500185580 /* Localizable.strings */; };
		3920980F158662C500185580 /* Localizable.strings in Resources */ = {isa = PBXBuildFile; fileRef = 3920980D158662C500185580 /* Localizable.strings */; };
		39209813158662C500185580 /* Localizable.strings in Resources */ = {isa = PBXBuildFile; fileRef = 39209811158662C500185580 /* Localizable.strings */; };
		39209816158662C500185580 /* icon.png in Resources */ = {isa = PBXBuildFile; fileRef = 39209815158662C500185580 /* icon.png */; };
		39209818158662C500185580 /* icon@2x.png in Resources */ = {isa = PBXBuildFile; fileRef = 39209817158662C500185580 /* icon@2x.png */; };
		3920981A158662C600185580 /* icon-72.png in Resources */ = {isa = PBXBuildFile; fileRef = 39209819158662C600185580 /* icon-72.png */; };
		3920981D158662C600185580 /* Default~iphone.png in Resources */ = {isa = PBXBuildFile; fileRef = 3920981C158662C600185580 /* Default~iphone.png */; };
		3920981F158662C600185580 /* Default@2x~iphone.png in Resources */ = {isa = PBXBuildFile; fileRef = 3920981E158662C600185580 /* Default@2x~iphone.png */; };
		39209821158662C700185580 /* Capture.bundle in Resources */ = {isa = PBXBuildFile; fileRef = 39209820158662C700185580 /* Capture.bundle */; };
		39209823158662C700185580 /* Cordova.plist in Resources */ = {isa = PBXBuildFile; fileRef = 39209822158662C700185580 /* Cordova.plist */; };
		39209827158662C700185580 /* AppDelegate.m in Sources */ = {isa = PBXBuildFile; fileRef = 39209826158662C700185580 /* AppDelegate.m */; };
		3920982A158662C700185580 /* MainViewController.m in Sources */ = {isa = PBXBuildFile; fileRef = 39209829158662C700185580 /* MainViewController.m */; };
		3920982C158662C800185580 /* MainViewController.xib in Resources */ = {isa = PBXBuildFile; fileRef = 3920982B158662C800185580 /* MainViewController.xib */; };
		39209830158662C900185580 /* verify.sh in Resources */ = {isa = PBXBuildFile; fileRef = 3920982F158662C900185580 /* verify.sh */; };
		39209837158662EA00185580 /* www in Resources */ = {isa = PBXBuildFile; fileRef = 39209836158662EA00185580 /* www */; };
		392098401586810100185580 /* RMConsoleLogger.m in Sources */ = {isa = PBXBuildFile; fileRef = 3920983F1586810100185580 /* RMConsoleLogger.m */; };
/* End PBXBuildFile section */

/* Begin PBXFileReference section */
		392097DA158662C500185580 /* RMLoggerApp.app */ = {isa = PBXFileReference; explicitFileType = wrapper.application; includeInIndex = 0; path = RMLoggerApp.app; sourceTree = BUILT_PRODUCTS_DIR; };
		392097DE158662C500185580 /* Foundation.framework */ = {isa = PBXFileReference; lastKnownFileType = wrapper.framework; name = Foundation.framework; path = System/Library/Frameworks/Foundation.framework; sourceTree = SDKROOT; };
		392097E0158662C500185580 /* UIKit.framework */ = {isa = PBXFileReference; lastKnownFileType = wrapper.framework; name = UIKit.framework; path = System/Library/Frameworks/UIKit.framework; sourceTree = SDKROOT; };
		392097E2158662C500185580 /* CoreGraphics.framework */ = {isa = PBXFileReference; lastKnownFileType = wrapper.framework; name = CoreGraphics.framework; path = System/Library/Frameworks/CoreGraphics.framework; sourceTree = SDKROOT; };
		392097E4158662C500185580 /* AddressBook.framework */ = {isa = PBXFileReference; lastKnownFileType = wrapper.framework; name = AddressBook.framework; path = System/Library/Frameworks/AddressBook.framework; sourceTree = SDKROOT; };
		392097E6158662C500185580 /* AddressBookUI.framework */ = {isa = PBXFileReference; lastKnownFileType = wrapper.framework; name = AddressBookUI.framework; path = System/Library/Frameworks/AddressBookUI.framework; sourceTree = SDKROOT; };
		392097E8158662C500185580 /* AudioToolbox.framework */ = {isa = PBXFileReference; lastKnownFileType = wrapper.framework; name = AudioToolbox.framework; path = System/Library/Frameworks/AudioToolbox.framework; sourceTree = SDKROOT; };
		392097EA158662C500185580 /* AVFoundation.framework */ = {isa = PBXFileReference; lastKnownFileType = wrapper.framework; name = AVFoundation.framework; path = System/Library/Frameworks/AVFoundation.framework; sourceTree = SDKROOT; };
		392097EC158662C500185580 /* CoreLocation.framework */ = {isa = PBXFileReference; lastKnownFileType = wrapper.framework; name = CoreLocation.framework; path = System/Library/Frameworks/CoreLocation.framework; sourceTree = SDKROOT; };
		392097EE158662C500185580 /* MediaPlayer.framework */ = {isa = PBXFileReference; lastKnownFileType = wrapper.framework; name = MediaPlayer.framework; path = System/Library/Frameworks/MediaPlayer.framework; sourceTree = SDKROOT; };
		392097F0158662C500185580 /* QuartzCore.framework */ = {isa = PBXFileReference; lastKnownFileType = wrapper.framework; name = QuartzCore.framework; path = System/Library/Frameworks/QuartzCore.framework; sourceTree = SDKROOT; };
		392097F2158662C500185580 /* SystemConfiguration.framework */ = {isa = PBXFileReference; lastKnownFileType = wrapper.framework; name = SystemConfiguration.framework; path = System/Library/Frameworks/SystemConfiguration.framework; sourceTree = SDKROOT; };
		392097F4158662C500185580 /* MobileCoreServices.framework */ = {isa = PBXFileReference; lastKnownFileType = wrapper.framework; name = MobileCoreServices.framework; path = System/Library/Frameworks/MobileCoreServices.framework; sourceTree = SDKROOT; };
		392097F6158662C500185580 /* CoreMedia.framework */ = {isa = PBXFileReference; lastKnownFileType = wrapper.framework; name = CoreMedia.framework; path = System/Library/Frameworks/CoreMedia.framework; sourceTree = SDKROOT; };
		392097FA158662C500185580 /* RMLoggerApp-Info.plist */ = {isa = PBXFileReference; lastKnownFileType = text.plist.xml; path = "RMLoggerApp-Info.plist"; sourceTree = "<group>"; };
		392097FC158662C500185580 /* en */ = {isa = PBXFileReference; lastKnownFileType = text.plist.strings; name = en; path = en.lproj/InfoPlist.strings; sourceTree = "<group>"; };
		392097FE158662C500185580 /* main.m */ = {isa = PBXFileReference; lastKnownFileType = sourcecode.c.objc; path = main.m; sourceTree = "<group>"; };
		39209800158662C500185580 /* RMLoggerApp-Prefix.pch */ = {isa = PBXFileReference; lastKnownFileType = sourcecode.c.h; path = "RMLoggerApp-Prefix.pch"; sourceTree = "<group>"; };
		39209801158662C500185580 /* Cordova.framework */ = {isa = PBXFileReference; lastKnownFileType = wrapper.framework; name = Cordova.framework; path = /Users/Shared/Cordova/Frameworks/Cordova.framework; sourceTree = "<absolute>"; };
		39209806158662C500185580 /* en */ = {isa = PBXFileReference; lastKnownFileType = text.plist.strings; name = en; path = Resources/en.lproj/Localizable.strings; sourceTree = "<group>"; };
		3920980A158662C500185580 /* es */ = {isa = PBXFileReference; lastKnownFileType = text.plist.strings; name = es; path = Resources/es.lproj/Localizable.strings; sourceTree = "<group>"; };
		3920980E158662C500185580 /* de */ = {isa = PBXFileReference; lastKnownFileType = text.plist.strings; name = de; path = Resources/de.lproj/Localizable.strings; sourceTree = "<group>"; };
		39209812158662C500185580 /* se */ = {isa = PBXFileReference; lastKnownFileType = text.plist.strings; name = se; path = Resources/se.lproj/Localizable.strings; sourceTree = "<group>"; };
		39209815158662C500185580 /* icon.png */ = {isa = PBXFileReference; lastKnownFileType = image.png; name = icon.png; path = Resources/icons/icon.png; sourceTree = "<group>"; };
		39209817158662C500185580 /* icon@2x.png */ = {isa = PBXFileReference; lastKnownFileType = image.png; name = "icon@2x.png"; path = "Resources/icons/icon@2x.png"; sourceTree = "<group>"; };
		39209819158662C600185580 /* icon-72.png */ = {isa = PBXFileReference; lastKnownFileType = image.png; name = "icon-72.png"; path = "Resources/icons/icon-72.png"; sourceTree = "<group>"; };
		3920981C158662C600185580 /* Default~iphone.png */ = {isa = PBXFileReference; lastKnownFileType = image.png; name = "Default~iphone.png"; path = "Resources/splash/Default~iphone.png"; sourceTree = "<group>"; };
		3920981E158662C600185580 /* Default@2x~iphone.png */ = {isa = PBXFileReference; lastKnownFileType = image.png; name = "Default@2x~iphone.png"; path = "Resources/splash/Default@2x~iphone.png"; sourceTree = "<group>"; };
		39209820158662C700185580 /* Capture.bundle */ = {isa = PBXFileReference; lastKnownFileType = "wrapper.plug-in"; name = Capture.bundle; path = Resources/Capture.bundle; sourceTree = "<group>"; };
		39209822158662C700185580 /* Cordova.plist */ = {isa = PBXFileReference; lastKnownFileType = text.plist.xml; path = Cordova.plist; sourceTree = "<group>"; };
		39209825158662C700185580 /* AppDelegate.h */ = {isa = PBXFileReference; lastKnownFileType = sourcecode.c.h; name = AppDelegate.h; path = Classes/AppDelegate.h; sourceTree = "<group>"; };
		39209826158662C700185580 /* AppDelegate.m */ = {isa = PBXFileReference; lastKnownFileType = sourcecode.c.objc; name = AppDelegate.m; path = Classes/AppDelegate.m; sourceTree = "<group>"; };
		39209828158662C700185580 /* MainViewController.h */ = {isa = PBXFileReference; lastKnownFileType = sourcecode.c.h; name = MainViewController.h; path = Classes/MainViewController.h; sourceTree = "<group>"; };
		39209829158662C700185580 /* MainViewController.m */ = {isa = PBXFileReference; lastKnownFileType = sourcecode.c.objc; name = MainViewController.m; path = Classes/MainViewController.m; sourceTree = "<group>"; };
		3920982B158662C800185580 /* MainViewController.xib */ = {isa = PBXFileReference; lastKnownFileType = file.xib; name = MainViewController.xib; path = Classes/MainViewController.xib; sourceTree = "<group>"; };
		3920982E158662C800185580 /* README */ = {isa = PBXFileReference; lastKnownFileType = text; name = README; path = Plugins/README; sourceTree = "<group>"; };
		3920982F158662C900185580 /* verify.sh */ = {isa = PBXFileReference; lastKnownFileType = text.script.sh; path = verify.sh; sourceTree = "<group>"; };
		39209836158662EA00185580 /* www */ = {isa = PBXFileReference; lastKnownFileType = folder; path = www; sourceTree = "<group>"; };
		3920983E1586810100185580 /* RMConsoleLogger.h */ = {isa = PBXFileReference; fileEncoding = 4; lastKnownFileType = sourcecode.c.h; name = RMConsoleLogger.h; path = Plugins/RMConsoleLogger.h; sourceTree = "<group>"; };
		3920983F1586810100185580 /* RMConsoleLogger.m */ = {isa = PBXFileReference; fileEncoding = 4; lastKnownFileType = sourcecode.c.objc; name = RMConsoleLogger.m; path = Plugins/RMConsoleLogger.m; sourceTree = "<group>"; };
/* End PBXFileReference section */

/* Begin PBXFrameworksBuildPhase section */
		392097D4158662C500185580 /* Frameworks */ = {
			isa = PBXFrameworksBuildPhase;
			buildActionMask = 2147483647;
			files = (
				392097DF158662C500185580 /* Foundation.framework in Frameworks */,
				392097E1158662C500185580 /* UIKit.framework in Frameworks */,
				392097E3158662C500185580 /* CoreGraphics.framework in Frameworks */,
				392097E5158662C500185580 /* AddressBook.framework in Frameworks */,
				392097E7158662C500185580 /* AddressBookUI.framework in Frameworks */,
				392097E9158662C500185580 /* AudioToolbox.framework in Frameworks */,
				392097EB158662C500185580 /* AVFoundation.framework in Frameworks */,
				392097ED158662C500185580 /* CoreLocation.framework in Frameworks */,
				392097EF158662C500185580 /* MediaPlayer.framework in Frameworks */,
				392097F1158662C500185580 /* QuartzCore.framework in Frameworks */,
				392097F3158662C500185580 /* SystemConfiguration.framework in Frameworks */,
				392097F5158662C500185580 /* MobileCoreServices.framework in Frameworks */,
				392097F7158662C500185580 /* CoreMedia.framework in Frameworks */,
				39209802158662C500185580 /* Cordova.framework in Frameworks */,
			);
			runOnlyForDeploymentPostprocessing = 0;
		};
		392097D7158662C500185580 /* Frameworks */ = {
			isa = PBXFrameworksBuildPhase;
			buildActionMask = 2147483647;
			files = (
			);
			runOnlyForDeploymentPostprocessing = 0;
		};
/* End PBXFrameworksBuildPhase section */

/* Begin PBXGroup section */
		392097CC158662C400185580 = {
			isa = PBXGroup;
			children = (
				39209836158662EA00185580 /* www */,
				392097F8158662C500185580 /* RMLoggerApp */,
				392097DD158662C500185580 /* Frameworks */,
				392097DB158662C500185580 /* Products */,
			);
			sourceTree = "<group>";
		};
		392097DB158662C500185580 /* Products */ = {
			isa = PBXGroup;
			children = (
				392097DA158662C500185580 /* RMLoggerApp.app */,
			);
			name = Products;
			sourceTree = "<group>";
		};
		392097DD158662C500185580 /* Frameworks */ = {
			isa = PBXGroup;
			children = (
				392097DE158662C500185580 /* Foundation.framework */,
				392097E0158662C500185580 /* UIKit.framework */,
				392097E2158662C500185580 /* CoreGraphics.framework */,
				392097E4158662C500185580 /* AddressBook.framework */,
				392097E6158662C500185580 /* AddressBookUI.framework */,
				392097E8158662C500185580 /* AudioToolbox.framework */,
				392097EA158662C500185580 /* AVFoundation.framework */,
				392097EC158662C500185580 /* CoreLocation.framework */,
				392097EE158662C500185580 /* MediaPlayer.framework */,
				392097F0158662C500185580 /* QuartzCore.framework */,
				392097F2158662C500185580 /* SystemConfiguration.framework */,
				392097F4158662C500185580 /* MobileCoreServices.framework */,
				392097F6158662C500185580 /* CoreMedia.framework */,
			);
			name = Frameworks;
			sourceTree = "<group>";
		};
		392097F8158662C500185580 /* RMLoggerApp */ = {
			isa = PBXGroup;
			children = (
				39209801158662C500185580 /* Cordova.framework */,
				39209803158662C500185580 /* Resources */,
				39209824158662C700185580 /* Classes */,
				3920982D158662C800185580 /* Plugins */,
				392097F9158662C500185580 /* Supporting Files */,
			);
			path = RMLoggerApp;
			sourceTree = "<group>";
		};
		392097F9158662C500185580 /* Supporting Files */ = {
			isa = PBXGroup;
			children = (
				392097FA158662C500185580 /* RMLoggerApp-Info.plist */,
				392097FB158662C500185580 /* InfoPlist.strings */,
				392097FE158662C500185580 /* main.m */,
				39209800158662C500185580 /* RMLoggerApp-Prefix.pch */,
				39209822158662C700185580 /* Cordova.plist */,
				3920982B158662C800185580 /* MainViewController.xib */,
				3920982F158662C900185580 /* verify.sh */,
			);
			name = "Supporting Files";
			sourceTree = "<group>";
		};
		39209803158662C500185580 /* Resources */ = {
			isa = PBXGroup;
			children = (
				39209820158662C700185580 /* Capture.bundle */,
				39209804158662C500185580 /* en.lproj */,
				39209808158662C500185580 /* es.lproj */,
				3920980C158662C500185580 /* de.lproj */,
				39209810158662C500185580 /* se.lproj */,
				39209814158662C500185580 /* icons */,
				3920981B158662C600185580 /* splash */,
			);
			name = Resources;
			sourceTree = "<group>";
		};
		39209804158662C500185580 /* en.lproj */ = {
			isa = PBXGroup;
			children = (
				39209805158662C500185580 /* Localizable.strings */,
			);
			name = en.lproj;
			sourceTree = "<group>";
		};
		39209808158662C500185580 /* es.lproj */ = {
			isa = PBXGroup;
			children = (
				39209809158662C500185580 /* Localizable.strings */,
			);
			name = es.lproj;
			sourceTree = "<group>";
		};
		3920980C158662C500185580 /* de.lproj */ = {
			isa = PBXGroup;
			children = (
				3920980D158662C500185580 /* Localizable.strings */,
			);
			name = de.lproj;
			sourceTree = "<group>";
		};
		39209810158662C500185580 /* se.lproj */ = {
			isa = PBXGroup;
			children = (
				39209811158662C500185580 /* Localizable.strings */,
			);
			name = se.lproj;
			sourceTree = "<group>";
		};
		39209814158662C500185580 /* icons */ = {
			isa = PBXGroup;
			children = (
				39209815158662C500185580 /* icon.png */,
				39209817158662C500185580 /* icon@2x.png */,
				39209819158662C600185580 /* icon-72.png */,
			);
			name = icons;
			sourceTree = "<group>";
		};
		3920981B158662C600185580 /* splash */ = {
			isa = PBXGroup;
			children = (
				3920981C158662C600185580 /* Default~iphone.png */,
				3920981E158662C600185580 /* Default@2x~iphone.png */,
			);
			name = splash;
			sourceTree = "<group>";
		};
		39209824158662C700185580 /* Classes */ = {
			isa = PBXGroup;
			children = (
				39209825158662C700185580 /* AppDelegate.h */,
				39209826158662C700185580 /* AppDelegate.m */,
				39209828158662C700185580 /* MainViewController.h */,
				39209829158662C700185580 /* MainViewController.m */,
			);
			name = Classes;
			sourceTree = "<group>";
		};
		3920982D158662C800185580 /* Plugins */ = {
			isa = PBXGroup;
			children = (
				3920983E1586810100185580 /* RMConsoleLogger.h */,
				3920983F1586810100185580 /* RMConsoleLogger.m */,
				3920982E158662C800185580 /* README */,
			);
			name = Plugins;
			sourceTree = "<group>";
		};
/* End PBXGroup section */

/* Begin PBXNativeTarget section */
		392097D9158662C500185580 /* RMLoggerApp */ = {
			isa = PBXNativeTarget;
			buildConfigurationList = 39209833158662C900185580 /* Build configuration list for PBXNativeTarget "RMLoggerApp" */;
			buildPhases = (
				392097D3158662C500185580 /* Sources */,
				392097D4158662C500185580 /* Frameworks */,
				392097D5158662C500185580 /* Resources */,
				392097D6158662C500185580 /* Sources */,
				392097D7158662C500185580 /* Frameworks */,
				392097D8158662C500185580 /* ShellScript */,
			);
			buildRules = (
			);
			dependencies = (
			);
			name = RMLoggerApp;
			productName = RMLoggerApp;
			productReference = 392097DA158662C500185580 /* RMLoggerApp.app */;
			productType = "com.apple.product-type.application";
		};
/* End PBXNativeTarget section */

/* Begin PBXProject section */
		392097CE158662C400185580 /* Project object */ = {
			isa = PBXProject;
			attributes = {
				LastUpgradeCheck = 0430;
				ORGANIZATIONNAME = "Caesar Experts";
			};
			buildConfigurationList = 392097D1158662C400185580 /* Build configuration list for PBXProject "RMLoggerApp" */;
			compatibilityVersion = "Xcode 3.2";
			developmentRegion = English;
			hasScannedForEncodings = 0;
			knownRegions = (
				en,
				es,
				de,
				se,
			);
			mainGroup = 392097CC158662C400185580;
			productRefGroup = 392097DB158662C500185580 /* Products */;
			projectDirPath = "";
			projectRoot = "";
			targets = (
				392097D9158662C500185580 /* RMLoggerApp */,
			);
		};
/* End PBXProject section */

/* Begin PBXResourcesBuildPhase section */
		392097D5158662C500185580 /* Resources */ = {
			isa = PBXResourcesBuildPhase;
			buildActionMask = 2147483647;
			files = (
				392097FD158662C500185580 /* InfoPlist.strings in Resources */,
				39209807158662C500185580 /* Localizable.strings in Resources */,
				3920980B158662C500185580 /* Localizable.strings in Resources */,
				3920980F158662C500185580 /* Localizable.strings in Resources */,
				39209813158662C500185580 /* Localizable.strings in Resources */,
				39209816158662C500185580 /* icon.png in Resources */,
				39209818158662C500185580 /* icon@2x.png in Resources */,
				3920981A158662C600185580 /* icon-72.png in Resources */,
				3920981D158662C600185580 /* Default~iphone.png in Resources */,
				3920981F158662C600185580 /* Default@2x~iphone.png in Resources */,
				39209821158662C700185580 /* Capture.bundle in Resources */,
				39209823158662C700185580 /* Cordova.plist in Resources */,
				3920982C158662C800185580 /* MainViewController.xib in Resources */,
				39209830158662C900185580 /* verify.sh in Resources */,
				39209837158662EA00185580 /* www in Resources */,
			);
			runOnlyForDeploymentPostprocessing = 0;
		};
/* End PBXResourcesBuildPhase section */

/* Begin PBXShellScriptBuildPhase section */
		392097D8158662C500185580 /* ShellScript */ = {
			isa = PBXShellScriptBuildPhase;
			buildActionMask = 2147483647;
			files = (
			);
			inputPaths = (
			);
			outputPaths = (
			);
			runOnlyForDeploymentPostprocessing = 0;
			shellPath = /bin/bash;
			shellScript = "\n\t\t\t\t\t\t\t\tchmod 755 \"$PROJECT_DIR/$PROJECT_NAME/verify.sh\"\n\t\t\t\t\t\t\t\t\"$PROJECT_DIR/$PROJECT_NAME/verify.sh\"\n\t\t\t\t\t";
		};
/* End PBXShellScriptBuildPhase section */

/* Begin PBXSourcesBuildPhase section */
		392097D3158662C500185580 /* Sources */ = {
			isa = PBXSourcesBuildPhase;
			buildActionMask = 2147483647;
			files = (
				392097FF158662C500185580 /* main.m in Sources */,
				39209827158662C700185580 /* AppDelegate.m in Sources */,
				3920982A158662C700185580 /* MainViewController.m in Sources */,
				392098401586810100185580 /* RMConsoleLogger.m in Sources */,
			);
			runOnlyForDeploymentPostprocessing = 0;
		};
		392097D6158662C500185580 /* Sources */ = {
			isa = PBXSourcesBuildPhase;
			buildActionMask = 2147483647;
			files = (
			);
			runOnlyForDeploymentPostprocessing = 0;
		};
/* End PBXSourcesBuildPhase section */

/* Begin PBXVariantGroup section */
		392097FB158662C500185580 /* InfoPlist.strings */ = {
			isa = PBXVariantGroup;
			children = (
				392097FC158662C500185580 /* en */,
			);
			name = InfoPlist.strings;
			sourceTree = "<group>";
		};
		39209805158662C500185580 /* Localizable.strings */ = {
			isa = PBXVariantGroup;
			children = (
				39209806158662C500185580 /* en */,
			);
			name = Localizable.strings;
			sourceTree = "<group>";
		};
		39209809158662C500185580 /* Localizable.strings */ = {
			isa = PBXVariantGroup;
			children = (
				3920980A158662C500185580 /* es */,
			);
			name = Localizable.strings;
			sourceTree = "<group>";
		};
		3920980D158662C500185580 /* Localizable.strings */ = {
			isa = PBXVariantGroup;
			children = (
				3920980E158662C500185580 /* de */,
			);
			name = Localizable.strings;
			sourceTree = "<group>";
		};
		39209811158662C500185580 /* Localizable.strings */ = {
			isa = PBXVariantGroup;
			children = (
				39209812158662C500185580 /* se */,
			);
			name = Localizable.strings;
			sourceTree = "<group>";
		};
/* End PBXVariantGroup section */

/* Begin XCBuildConfiguration section */
		39209831158662C900185580 /* Debug */ = {
			isa = XCBuildConfiguration;
			buildSettings = {
				ALWAYS_SEARCH_USER_PATHS = NO;
				ARCHS = (
					armv6,
					"$(ARCHS_STANDARD_32_BIT)",
				);
				"CODE_SIGN_IDENTITY[sdk=iphoneos*]" = "iPhone Developer";
				COPY_PHASE_STRIP = NO;
				GCC_C_LANGUAGE_STANDARD = gnu99;
				GCC_DYNAMIC_NO_PIC = NO;
				GCC_OPTIMIZATION_LEVEL = 0;
				GCC_PREPROCESSOR_DEFINITIONS = (
					"DEBUG=1",
					"$(inherited)",
				);
				GCC_SYMBOLS_PRIVATE_EXTERN = NO;
				GCC_VERSION = com.apple.compilers.llvm.clang.1_0;
				GCC_WARN_ABOUT_RETURN_TYPE = YES;
				GCC_WARN_UNINITIALIZED_AUTOS = YES;
				GCC_WARN_UNUSED_VARIABLE = YES;
				IPHONEOS_DEPLOYMENT_TARGET = 3.0;
				SDKROOT = iphoneos;
			};
			name = Debug;
		};
		39209832158662C900185580 /* Release */ = {
			isa = XCBuildConfiguration;
			buildSettings = {
				ALWAYS_SEARCH_USER_PATHS = NO;
				ARCHS = (
					armv6,
					"$(ARCHS_STANDARD_32_BIT)",
				);
				"CODE_SIGN_IDENTITY[sdk=iphoneos*]" = "iPhone Developer";
				COPY_PHASE_STRIP = YES;
				GCC_C_LANGUAGE_STANDARD = gnu99;
				GCC_VERSION = com.apple.compilers.llvm.clang.1_0;
				GCC_WARN_ABOUT_RETURN_TYPE = YES;
				GCC_WARN_UNINITIALIZED_AUTOS = YES;
				GCC_WARN_UNUSED_VARIABLE = YES;
				IPHONEOS_DEPLOYMENT_TARGET = 3.0;
				SDKROOT = iphoneos;
				VALIDATE_PRODUCT = YES;
			};
			name = Release;
		};
		39209834158662C900185580 /* Debug */ = {
			isa = XCBuildConfiguration;
			buildSettings = {
				ALWAYS_SEARCH_USER_PATHS = YES;
				COPY_PHASE_STRIP = NO;
				FRAMEWORK_SEARCH_PATHS = /Users/Shared/Cordova/Frameworks;
				GCC_DYNAMIC_NO_PIC = NO;
				GCC_PRECOMPILE_PREFIX_HEADER = YES;
				GCC_PREFIX_HEADER = "RMLoggerApp/RMLoggerApp-Prefix.pch";
				GCC_PREPROCESSOR_DEFINITIONS = (
					"DEBUG=1,",
					"CORDOVA_FRAMEWORK=1",
				);
				INFOPLIST_FILE = "RMLoggerApp/RMLoggerApp-Info.plist";
				OTHER_LDFLAGS = (
					"-weak_framework",
					UIKit,
					"-weak_framework",
					AVFoundation,
					"-weak_framework",
					CoreMedia,
					"-weak_library",
					/usr/lib/libSystem.B.dylib,
				);
				PRODUCT_NAME = "$(TARGET_NAME)";
				TARGETED_DEVICE_FAMILY = "1,2";
				WRAPPER_EXTENSION = app;
			};
			name = Debug;
		};
		39209835158662C900185580 /* Release */ = {
			isa = XCBuildConfiguration;
			buildSettings = {
				ALWAYS_SEARCH_USER_PATHS = YES;
				COPY_PHASE_STRIP = YES;
				DEBUG_INFORMATION_FORMAT = "dwarf-with-dsym";
				FRAMEWORK_SEARCH_PATHS = /Users/Shared/Cordova/Frameworks;
				GCC_PRECOMPILE_PREFIX_HEADER = YES;
				GCC_PREFIX_HEADER = "RMLoggerApp/RMLoggerApp-Prefix.pch";
				GCC_PREPROCESSOR_DEFINITIONS = (
					"NDEBUG=1,",
					"CORDOVA_FRAMEWORK=1",
				);
				INFOPLIST_FILE = "RMLoggerApp/RMLoggerApp-Info.plist";
				OTHER_LDFLAGS = (
					"-weak_framework",
					UIKit,
					"-weak_framework",
					AVFoundation,
					"-weak_framework",
					CoreMedia,
					"-weak_library",
					/usr/lib/libSystem.B.dylib,
				);
				PRODUCT_NAME = "$(TARGET_NAME)";
				TARGETED_DEVICE_FAMILY = "1,2";
				VALIDATE_PRODUCT = YES;
				WRAPPER_EXTENSION = app;
			};
			name = Release;
		};
/* End XCBuildConfiguration section */

/* Begin XCConfigurationList section */
		392097D1158662C400185580 /* Build configuration list for PBXProject "RMLoggerApp" */ = {
			isa = XCConfigurationList;
			buildConfigurations = (
				39209831158662C900185580 /* Debug */,
				39209832158662C900185580 /* Release */,
			);
			defaultConfigurationIsVisible = 0;
			defaultConfigurationName = Release;
		};
		39209833158662C900185580 /* Build configuration list for PBXNativeTarget "RMLoggerApp" */ = {
			isa = XCConfigurationList;
			buildConfigurations = (
				39209834158662C900185580 /* Debug */,
				39209835158662C900185580 /* Release */,
			);
			defaultConfigurationIsVisible = 0;
		};
/* End XCConfigurationList section */
	};
	rootObject = 392097CE158662C400185580 /* Project object */;
}
